
Microsoft Visual Studio Solution File, Format Version 12.00
# Visual Studio Version 16
VisualStudioVersion = 16.0.29001.49
MinimumVisualStudioVersion = 10.0.40219.1
Project("{FAE04EC0-301F-11D3-BF4B-00C04F79EFBC}") = "JsonDeserializer", "JsonDeserializer\JsonDeserializer.csproj", "{986F4341-F9CA-4390-8698-D029183BB8F5}"
EndProject
Global
	GlobalSection(SolutionConfigurationPlatforms) = preSolution
		Debug|Any CPU = Debug|Any CPU
		Release|Any CPU = Release|Any CPU
	EndGlobalSection
	GlobalSection(ProjectConfigurationPlatforms) = postSolution
		{986F4341-F9CA-4390-8698-D029183BB8F5}.Debug|Any CPU.ActiveCfg = Debug|Any CPU
		{986F4341-F9CA-4390-8698-D029183BB8F5}.Debug|Any CPU.Build.0 = Debug|Any CPU
		{986F4341-F9CA-4390-8698-D029183BB8F5}.Release|Any CPU.ActiveCfg = Release|Any CPU
		{986F4341-F9CA-4390-8698-D029183BB8F5}.Release|Any CPU.Build.0 = Release|Any CPU
	EndGlobalSection
	GlobalSection(SolutionProperties) = preSolution
		HideSolutionNode = FALSE
	EndGlobalSection
	GlobalSection(ExtensibilityGlobals) = postSolution
		SolutionGuid = {301C6E8F-C767-4C57-BC88-303ECC571CA6}
	EndGlobalSection
EndGlobal
